lockfileVersion: '9.0'

settings:
  autoInstallPeers: true
  excludeLinksFromLockfile: false

importers:

  .:
    dependencies:
      pnpm:
        specifier: ^10.33.0
        version: 10.33.0

packages:

  pnpm@10.33.0:
    resolution: {integrity: sha512-EFaLtKavtYyes2MNqQzJUWQXq+vT+rvmc58K55VyjaFJHp21pUTHatjrdXD1xLs9bGN7LLQb/c20f6gjyGSTGQ==}
    engines: {node: '>=18.12'}
    hasBin: true

snapshots:

  pnpm@10.33.0: {}
